
Microsoft Visual Studio Solution File, Format Version 12.00
# Visual Studio Version 16
VisualStudioVersion = 16.0.30204.135
MinimumVisualStudioVersion = 10.0.40219.1
Project("{FAE04EC0-301F-11D3-BF4B-00C04F79EFBC}") = "HeqiaoDaoshi", "HeqiaoDaoshi\HeqiaoDaoshi.csproj", "{699E55F3-AE45-4C28-911D-ACE2C32DE6E1}"
	ProjectSection(ProjectDependencies) = postProject
		{DF5C4D29-C080-435D-9EF9-A0346E92517D} = {DF5C4D29-C080-435D-9EF9-A0346E92517D}
	EndProjectSection
EndProject
Project("{FAE04EC0-301F-11D3-BF4B-00C04F79EFBC}") = "HeqiaoDaoshiCore", "HeqiaoDaoshiCore\HeqiaoDaoshiCore.csproj", "{DF5C4D29-C080-435D-9EF9-A0346E92517D}"
EndProject
Global
	GlobalSection(SolutionConfigurationPlatforms) = preSolution
		Debug|Any CPU = Debug|Any CPU
		Release|Any CPU = Release|Any CPU
	EndGlobalSection
	GlobalSection(ProjectConfigurationPlatforms) = postSolution
		{699E55F3-AE45-4C28-911D-ACE2C32DE6E1}.Debug|Any CPU.ActiveCfg = Debug|Any CPU
		{699E55F3-AE45-4C28-911D-ACE2C32DE6E1}.Debug|Any CPU.Build.0 = Debug|Any CPU
		{699E55F3-AE45-4C28-911D-ACE2C32DE6E1}.Release|Any CPU.ActiveCfg = Release|Any CPU
		{699E55F3-AE45-4C28-911D-ACE2C32DE6E1}.Release|Any CPU.Build.0 = Release|Any CPU
		{DF5C4D29-C080-435D-9EF9-A0346E92517D}.Debug|Any CPU.ActiveCfg = Debug|Any CPU
		{DF5C4D29-C080-435D-9EF9-A0346E92517D}.Debug|Any CPU.Build.0 = Debug|Any CPU
		{DF5C4D29-C080-435D-9EF9-A0346E92517D}.Release|Any CPU.ActiveCfg = Release|Any CPU
		{DF5C4D29-C080-435D-9EF9-A0346E92517D}.Release|Any CPU.Build.0 = Release|Any CPU
	EndGlobalSection
	GlobalSection(SolutionProperties) = preSolution
		HideSolutionNode = FALSE
	EndGlobalSection
	GlobalSection(ExtensibilityGlobals) = postSolution
		SolutionGuid = {8BE33742-E468-468A-B263-87E15A45EA91}
	EndGlobalSection
EndGlobal
